// !$*UTF8*$!
{
	archiveVersion = 1;
	classes = {
	};
	objectVersion = 51;
	objects = {

/* Begin PBXBuildFile section */
		232877B324E46D9200F685C9 /* AppDelegate.swift in Sources */ = {isa = PBXBuildFile; fileRef = 232877B224E46D9200F685C9 /* AppDelegate.swift */; };
		232877B524E46D9200F685C9 /* SceneDelegate.swift in Sources */ = {isa = PBXBuildFile; fileRef = 232877B424E46D9200F685C9 /* SceneDelegate.swift */; };
		232877B724E46D9200F685C9 /* ViewController.swift in Sources */ = {isa = PBXBuildFile; fileRef = 232877B624E46D9200F685C9 /* ViewController.swift */; };
		232877BA24E46D9200F685C9 /* Main.storyboard in Resources */ = {isa = PBXBuildFile; fileRef = 232877B824E46D9200F685C9 /* Main.storyboard */; };
		232877BC24E46D9400F685C9 /* Assets.xcassets in Resources */ = {isa = PBXBuildFile; fileRef = 232877BB24E46D9400F685C9 /* Assets.xcassets */; };
		232877BF24E46D9400F685C9 /* LaunchScreen.storyboard in Resources */ = {isa = PBXBuildFile; fileRef = 232877BD24E46D9400F685C9 /* LaunchScreen.storyboard */; };
		232877CA24E46D9500F685C9 /* Xcode12ReactNativeSampleTests.swift in Sources */ = {isa = PBXBuildFile; fileRef = 232877C924E46D9500F685C9 /* Xcode12ReactNativeSampleTests.swift */; };
		232877D524E46D9500F685C9 /* Xcode12ReactNativeSampleUITests.swift in Sources */ = {isa = PBXBuildFile; fileRef = 232877D424E46D9500F685C9 /* Xcode12ReactNativeSampleUITests.swift */; };
		235875548EBDFB28AF52FBDD /* Pods_Xcode12ReactNativeSample.framework in Frameworks */ = {isa = PBXBuildFile; fileRef = 24CB33C12D68B5E850E9E80A /* Pods_Xcode12ReactNativeSample.framework */; };
		794A53CDF3B78F2135808BD6 /* Pods_Xcode12ReactNativeSampleTests.framework in Frameworks */ = {isa = PBXBuildFile; fileRef = C21CE6EB98E5231F9417E2DC /* Pods_Xcode12ReactNativeSampleTests.framework */; };
		E310BD13DFB149A53C51EC11 /* Pods_Xcode12ReactNativeSample_Xcode12ReactNativeSampleUITests.framework in Frameworks */ = {isa = PBXBuildFile; fileRef = F54807C29CB2687180F0E2FA /* Pods_Xcode12ReactNativeSample_Xcode12ReactNativeSampleUITests.framework */; };
/* End PBXBuildFile section */

/* Begin PBXContainerItemProxy section */
		232877C624E46D9500F685C9 /* PBXContainerItemProxy */ = {
			isa = PBXContainerItemProxy;
			containerPortal = 232877A724E46D9200F685C9 /* Project object */;
			proxyType = 1;
			remoteGlobalIDString = 232877AE24E46D9200F685C9;
			remoteInfo = Xcode12ReactNativeSample;
		};
		232877D124E46D9500F685C9 /* PBXContainerItemProxy */ = {
			isa = PBXContainerItemProxy;
			containerPortal = 232877A724E46D9200F685C9 /* Project object */;
			proxyType = 1;
			remoteGlobalIDString = 232877AE24E46D9200F685C9;
			remoteInfo = Xcode12ReactNativeSample;
		};
/* End PBXContainerItemProxy section */

/* Begin PBXFileReference section */
		232877AF24E46D9200F685C9 /* Xcode12ReactNativeSample.app */ = {isa = PBXFileReference; explicitFileType = wrapper.application; includeInIndex = 0; path = Xcode12ReactNativeSample.app; sourceTree = BUILT_PRODUCTS_DIR; };
		232877B224E46D9200F685C9 /* AppDelegate.swift */ = {isa = PBXFileReference; lastKnownFileType = sourcecode.swift; path = AppDelegate.swift; sourceTree = "<group>"; };
		232877B424E46D9200F685C9 /* SceneDelegate.swift */ = {isa = PBXFileReference; lastKnownFileType = sourcecode.swift; path = SceneDelegate.swift; sourceTree = "<group>"; };
		232877B624E46D9200F685C9 /* ViewController.swift */ = {isa = PBXFileReference; lastKnownFileType = sourcecode.swift; path = ViewController.swift; sourceTree = "<group>"; };
		232877B924E46D9200F685C9 /* Base */ = {isa = PBXFileReference; lastKnownFileType = file.storyboard; name = Base; path = Base.lproj/Main.storyboard; sourceTree = "<group>"; };
		232877BB24E46D9400F685C9 /* Assets.xcassets */ = {isa = PBXFileReference; lastKnownFileType = folder.assetcatalog; path = Assets.xcassets; sourceTree = "<group>"; };
		232877BE24E46D9400F685C9 /* Base */ = {isa = PBXFileReference; lastKnownFileType = file.storyboard; name = Base; path = Base.lproj/LaunchScreen.storyboard; sourceTree = "<group>"; };
		232877C024E46D9400F685C9 /* Info.plist */ = {isa = PBXFileReference; lastKnownFileType = text.plist.xml; path = Info.plist; sourceTree = "<group>"; };
		232877C524E46D9500F685C9 /* Xcode12ReactNativeSampleTests.xctest */ = {isa = PBXFileReference; explicitFileType = wrapper.cfbundle; includeInIndex = 0; path = Xcode12ReactNativeSampleTests.xctest; sourceTree = BUILT_PRODUCTS_DIR; };
		232877C924E46D9500F685C9 /* Xcode12ReactNativeSampleTests.swift */ = {isa = PBXFileReference; lastKnownFileType = sourcecode.swift; path = Xcode12ReactNativeSampleTests.swift; sourceTree = "<group>"; };
		232877CB24E46D9500F685C9 /* Info.plist */ = {isa = PBXFileReference; lastKnownFileType = text.plist.xml; path = Info.plist; sourceTree = "<group>"; };
		232877D024E46D9500F685C9 /* Xcode12ReactNativeSampleUITests.xctest */ = {isa = PBXFileReference; explicitFileType = wrapper.cfbundle; includeInIndex = 0; path = Xcode12ReactNativeSampleUITests.xctest; sourceTree = BUILT_PRODUCTS_DIR; };
		232877D424E46D9500F685C9 /* Xcode12ReactNativeSampleUITests.swift */ = {isa = PBXFileReference; lastKnownFileType = sourcecode.swift; path = Xcode12ReactNativeSampleUITests.swift; sourceTree = "<group>"; };
		232877D624E46D9500F685C9 /* Info.plist */ = {isa = PBXFileReference; lastKnownFileType = text.plist.xml; path = Info.plist; sourceTree = "<group>"; };
		24CB33C12D68B5E850E9E80A /* Pods_Xcode12ReactNativeSample.framework */ = {isa = PBXFileReference; explicitFileType = wrapper.framework; includeInIndex = 0; path = Pods_Xcode12ReactNativeSample.framework; sourceTree = BUILT_PRODUCTS_DIR; };
		2FE7EA168F47583C77B9F4B0 /* Pods-Xcode12ReactNativeSample.debug.xcconfig */ = {isa = PBXFileReference; includeInIndex = 1; lastKnownFileType = text.xcconfig; name = "Pods-Xcode12ReactNativeSample.debug.xcconfig"; path = "Target Support Files/Pods-Xcode12ReactNativeSample/Pods-Xcode12ReactNativeSample.debug.xcconfig"; sourceTree = "<group>"; };
		30DB971D3B08FE5FAF4F0F65 /* Pods-Xcode12ReactNativeSample.release.xcconfig */ = {isa = PBXFileReference; includeInIndex = 1; lastKnownFileType = text.xcconfig; name = "Pods-Xcode12ReactNativeSample.release.xcconfig"; path = "Target Support Files/Pods-Xcode12ReactNativeSample/Pods-Xcode12ReactNativeSample.release.xcconfig"; sourceTree = "<group>"; };
		30DEF8574D13309842D5204E /* Pods-Xcode12ReactNativeSample-Xcode12ReactNativeSampleUITests.release.xcconfig */ = {isa = PBXFileReference; includeInIndex = 1; lastKnownFileType = text.xcconfig; name = "Pods-Xcode12ReactNativeSample-Xcode12ReactNativeSampleUITests.release.xcconfig"; path = "Target Support Files/Pods-Xcode12ReactNativeSample-Xcode12ReactNativeSampleUITests/Pods-Xcode12ReactNativeSample-Xcode12ReactNativeSampleUITests.release.xcconfig"; sourceTree = "<group>"; };
		5D735B3A46033758B113B5B2 /* Pods-Xcode12ReactNativeSample-Xcode12ReactNativeSampleUITests.debug.xcconfig */ = {isa = PBXFileReference; includeInIndex = 1; lastKnownFileType = text.xcconfig; name = "Pods-Xcode12ReactNativeSample-Xcode12ReactNativeSampleUITests.debug.xcconfig"; path = "Target Support Files/Pods-Xcode12ReactNativeSample-Xcode12ReactNativeSampleUITests/Pods-Xcode12ReactNativeSample-Xcode12ReactNativeSampleUITests.debug.xcconfig"; sourceTree = "<group>"; };
		8C72E0BE2929DC312CFC886B /* Pods-Xcode12ReactNativeSampleTests.debug.xcconfig */ = {isa = PBXFileReference; includeInIndex = 1; lastKnownFileType = text.xcconfig; name = "Pods-Xcode12ReactNativeSampleTests.debug.xcconfig"; path = "Target Support Files/Pods-Xcode12ReactNativeSampleTests/Pods-Xcode12ReactNativeSampleTests.debug.xcconfig"; sourceTree = "<group>"; };
		C21CE6EB98E5231F9417E2DC /* Pods_Xcode12ReactNativeSampleTests.framework */ = {isa = PBXFileReference; explicitFileType = wrapper.framework; includeInIndex = 0; path = Pods_Xcode12ReactNativeSampleTests.framework; sourceTree = BUILT_PRODUCTS_DIR; };
		E056443B93E61EB8FAB2832D /* Pods-Xcode12ReactNativeSampleTests.release.xcconfig */ = {isa = PBXFileReference; includeInIndex = 1; lastKnownFileType = text.xcconfig; name = "Pods-Xcode12ReactNativeSampleTests.release.xcconfig"; path = "Target Support Files/Pods-Xcode12ReactNativeSampleTests/Pods-Xcode12ReactNativeSampleTests.release.xcconfig"; sourceTree = "<group>"; };
		F54807C29CB2687180F0E2FA /* Pods_Xcode12ReactNativeSample_Xcode12ReactNativeSampleUITests.framework */ = {isa = PBXFileReference; explicitFileType = wrapper.framework; includeInIndex = 0; path = Pods_Xcode12ReactNativeSample_Xcode12ReactNativeSampleUITests.framework; sourceTree = BUILT_PRODUCTS_DIR; };
/* End PBXFileReference section */

/* Begin PBXFrameworksBuildPhase section */
		232877AC24E46D9200F685C9 /* Frameworks */ = {
			isa = PBXFrameworksBuildPhase;
			buildActionMask = 2147483647;
			files = (
				235875548EBDFB28AF52FBDD /* Pods_Xcode12ReactNativeSample.framework in Frameworks */,
			);
			runOnlyForDeploymentPostprocessing = 0;
		};
		232877C224E46D9500F685C9 /* Frameworks */ = {
			isa = PBXFrameworksBuildPhase;
			buildActionMask = 2147483647;
			files = (
				794A53CDF3B78F2135808BD6 /* Pods_Xcode12ReactNativeSampleTests.framework in Frameworks */,
			);
			runOnlyForDeploymentPostprocessing = 0;
		};
		232877CD24E46D9500F685C9 /* Frameworks */ = {
			isa = PBXFrameworksBuildPhase;
			buildActionMask = 2147483647;
			files = (
				E310BD13DFB149A53C51EC11 /* Pods_Xcode12ReactNativeSample_Xcode12ReactNativeSampleUITests.framework in Frameworks */,
			);
			runOnlyForDeploymentPostprocessing = 0;
		};
/* End PBXFrameworksBuildPhase section */

/* Begin PBXGroup section */
		2129FD03075A99025023C3A8 /* Frameworks */ = {
			isa = PBXGroup;
			children = (
				24CB33C12D68B5E850E9E80A /* Pods_Xcode12ReactNativeSample.framework */,
				F54807C29CB2687180F0E2FA /* Pods_Xcode12ReactNativeSample_Xcode12ReactNativeSampleUITests.framework */,
				C21CE6EB98E5231F9417E2DC /* Pods_Xcode12ReactNativeSampleTests.framework */,
			);
			name = Frameworks;
			sourceTree = "<group>";
		};
		232877A624E46D9200F685C9 = {
			isa = PBXGroup;
			children = (
				232877B124E46D9200F685C9 /* Xcode12ReactNativeSample */,
				232877C824E46D9500F685C9 /* Xcode12ReactNativeSampleTests */,
				232877D324E46D9500F685C9 /* Xcode12ReactNativeSampleUITests */,
				232877B024E46D9200F685C9 /* Products */,
				A1D870CF0F2780FBFD5B43D8 /* Pods */,
				2129FD03075A99025023C3A8 /* Frameworks */,
			);
			sourceTree = "<group>";
		};
		232877B024E46D9200F685C9 /* Products */ = {
			isa = PBXGroup;
			children = (
				232877AF24E46D9200F685C9 /* Xcode12ReactNativeSample.app */,
				232877C524E46D9500F685C9 /* Xcode12ReactNativeSampleTests.xctest */,
				232877D024E46D9500F685C9 /* Xcode12ReactNativeSampleUITests.xctest */,
			);
			name = Products;
			sourceTree = "<group>";
		};
		232877B124E46D9200F685C9 /* Xcode12ReactNativeSample */ = {
			isa = PBXGroup;
			children = (
				232877B224E46D9200F685C9 /* AppDelegate.swift */,
				232877B424E46D9200F685C9 /* SceneDelegate.swift */,
				232877B624E46D9200F685C9 /* ViewController.swift */,
				232877B824E46D9200F685C9 /* Main.storyboard */,
				232877BB24E46D9400F685C9 /* Assets.xcassets */,
				232877BD24E46D9400F685C9 /* LaunchScreen.storyboard */,
				232877C024E46D9400F685C9 /* Info.plist */,
			);
			path = Xcode12ReactNativeSample;
			sourceTree = "<group>";
		};
		232877C824E46D9500F685C9 /* Xcode12ReactNativeSampleTests */ = {
			isa = PBXGroup;
			children = (
				232877C924E46D9500F685C9 /* Xcode12ReactNativeSampleTests.swift */,
				232877CB24E46D9500F685C9 /* Info.plist */,
			);
			path = Xcode12ReactNativeSampleTests;
			sourceTree = "<group>";
		};
		232877D324E46D9500F685C9 /* Xcode12ReactNativeSampleUITests */ = {
			isa = PBXGroup;
			children = (
				232877D424E46D9500F685C9 /* Xcode12ReactNativeSampleUITests.swift */,
				232877D624E46D9500F685C9 /* Info.plist */,
			);
			path = Xcode12ReactNativeSampleUITests;
			sourceTree = "<group>";
		};
		A1D870CF0F2780FBFD5B43D8 /* Pods */ = {
			isa = PBXGroup;
			children = (
				2FE7EA168F47583C77B9F4B0 /* Pods-Xcode12ReactNativeSample.debug.xcconfig */,
				30DB971D3B08FE5FAF4F0F65 /* Pods-Xcode12ReactNativeSample.release.xcconfig */,
				5D735B3A46033758B113B5B2 /* Pods-Xcode12ReactNativeSample-Xcode12ReactNativeSampleUITests.debug.xcconfig */,
				30DEF8574D13309842D5204E /* Pods-Xcode12ReactNativeSample-Xcode12ReactNativeSampleUITests.release.xcconfig */,
				8C72E0BE2929DC312CFC886B /* Pods-Xcode12ReactNativeSampleTests.debug.xcconfig */,
				E056443B93E61EB8FAB2832D /* Pods-Xcode12ReactNativeSampleTests.release.xcconfig */,
			);
			path = Pods;
			sourceTree = "<group>";
		};
/* End PBXGroup section */

/* Begin PBXNativeTarget section */
		232877AE24E46D9200F685C9 /* Xcode12ReactNativeSample */ = {
			isa = PBXNativeTarget;
			buildConfigurationList = 232877D924E46D9500F685C9 /* Build configuration list for PBXNativeTarget "Xcode12ReactNativeSample" */;
			buildPhases = (
				A3FE3E7C699DFF42DFB734A9 /* [CP] Check Pods Manifest.lock */,
				232877AB24E46D9200F685C9 /* Sources */,
				232877AC24E46D9200F685C9 /* Frameworks */,
				232877AD24E46D9200F685C9 /* Resources */,
				4D3F6A5577218B00B0DC677A /* [CP] Embed Pods Frameworks */,
			);
			buildRules = (
			);
			dependencies = (
			);
			name = Xcode12ReactNativeSample;
			productName = Xcode12ReactNativeSample;
			productReference = 232877AF24E46D9200F685C9 /* Xcode12ReactNativeSample.app */;
			productType = "com.apple.product-type.application";
		};
		232877C424E46D9500F685C9 /* Xcode12ReactNativeSampleTests */ = {
			isa = PBXNativeTarget;
			buildConfigurationList = 232877DC24E46D9500F685C9 /* Build configuration list for PBXNativeTarget "Xcode12ReactNativeSampleTests" */;
			buildPhases = (
				20CE1C1AB4A08CC5D9C772CB /* [CP] Check Pods Manifest.lock */,
				232877C124E46D9500F685C9 /* Sources */,
				232877C224E46D9500F685C9 /* Frameworks */,
				232877C324E46D9500F685C9 /* Resources */,
			);
			buildRules = (
			);
			dependencies = (
				232877C724E46D9500F685C9 /* PBXTargetDependency */,
			);
			name = Xcode12ReactNativeSampleTests;
			productName = Xcode12ReactNativeSampleTests;
			productReference = 232877C524E46D9500F685C9 /* Xcode12ReactNativeSampleTests.xctest */;
			productType = "com.apple.product-type.bundle.unit-test";
		};
		232877CF24E46D9500F685C9 /* Xcode12ReactNativeSampleUITests */ = {
			isa = PBXNativeTarget;
			buildConfigurationList = 232877DF24E46D9500F685C9 /* Build configuration list for PBXNativeTarget "Xcode12ReactNativeSampleUITests" */;
			buildPhases = (
				7F53B54CF84F2297836C38AC /* [CP] Check Pods Manifest.lock */,
				232877CC24E46D9500F685C9 /* Sources */,
				232877CD24E46D9500F685C9 /* Frameworks */,
				232877CE24E46D9500F685C9 /* Resources */,
				24B2C5592D591F956EBE3370 /* [CP] Embed Pods Frameworks */,
			);
			buildRules = (
			);
			dependencies = (
				232877D224E46D9500F685C9 /* PBXTargetDependency */,
			);
			name = Xcode12ReactNativeSampleUITests;
			productName = Xcode12ReactNativeSampleUITests;
			productReference = 232877D024E46D9500F685C9 /* Xcode12ReactNativeSampleUITests.xctest */;
			productType = "com.apple.product-type.bundle.ui-testing";
		};
/* End PBXNativeTarget section */

/* Begin PBXProject section */
		232877A724E46D9200F685C9 /* Project object */ = {
			isa = PBXProject;
			attributes = {
				LastSwiftUpdateCheck = 1200;
				LastUpgradeCheck = 1200;
				TargetAttributes = {
					232877AE24E46D9200F685C9 = {
						CreatedOnToolsVersion = 12.0;
					};
					232877C424E46D9500F685C9 = {
						CreatedOnToolsVersion = 12.0;
						TestTargetID = 232877AE24E46D9200F685C9;
					};
					232877CF24E46D9500F685C9 = {
						CreatedOnToolsVersion = 12.0;
						TestTargetID = 232877AE24E46D9200F685C9;
					};
				};
			};
			buildConfigurationList = 232877AA24E46D9200F685C9 /* Build configuration list for PBXProject "Xcode12ReactNativeSample" */;
			compatibilityVersion = "Xcode 9.3";
			developmentRegion = en;
			hasScannedForEncodings = 0;
			knownRegions = (
				en,
				Base,
			);
			mainGroup = 232877A624E46D9200F685C9;
			productRefGroup = 232877B024E46D9200F685C9 /* Products */;
			projectDirPath = "";
			projectRoot = "";
			targets = (
				232877AE24E46D9200F685C9 /* Xcode12ReactNativeSample */,
				232877C424E46D9500F685C9 /* Xcode12ReactNativeSampleTests */,
				232877CF24E46D9500F685C9 /* Xcode12ReactNativeSampleUITests */,
			);
		};
/* End PBXProject section */

/* Begin PBXResourcesBuildPhase section */
		232877AD24E46D9200F685C9 /* Resources */ = {
			isa = PBXResourcesBuildPhase;
			buildActionMask = 2147483647;
			files = (
				232877BF24E46D9400F685C9 /* LaunchScreen.storyboard in Resources */,
				232877BC24E46D9400F685C9 /* Assets.xcassets in Resources */,
				232877BA24E46D9200F685C9 /* Main.storyboard in Resources */,
			);
			runOnlyForDeploymentPostprocessing = 0;
		};
		232877C324E46D9500F685C9 /* Resources */ = {
			isa = PBXResourcesBuildPhase;
			buildActionMask = 2147483647;
			files = (
			);
			runOnlyForDeploymentPostprocessing = 0;
		};
		232877CE24E46D9500F685C9 /* Resources */ = {
			isa = PBXResourcesBuildPhase;
			buildActionMask = 2147483647;
			files = (
			);
			runOnlyForDeploymentPostprocessing = 0;
		};
/* End PBXResourcesBuildPhase section */

/* Begin PBXShellScriptBuildPhase section */
		20CE1C1AB4A08CC5D9C772CB /* [CP] Check Pods Manifest.lock */ = {
			isa = PBXShellScriptBuildPhase;
			buildActionMask = 2147483647;
			files = (
			);
			inputFileListPaths = (
			);
			inputPaths = (
				"${PODS_PODFILE_DIR_PATH}/Podfile.lock",
				"${PODS_ROOT}/Manifest.lock",
			);
			name = "[CP] Check Pods Manifest.lock";
			outputFileListPaths = (
			);
			outputPaths = (
				"$(DERIVED_FILE_DIR)/Pods-Xcode12ReactNativeSampleTests-checkManifestLockResult.txt",
			);
			runOnlyForDeploymentPostprocessing = 0;
			shellPath = /bin/sh;
			shellScript = "diff \"${PODS_PODFILE_DIR_PATH}/Podfile.lock\" \"${PODS_ROOT}/Manifest.lock\" > /dev/null\nif [ $? != 0 ] ; then\n    # print error to STDERR\n    echo \"error: The sandbox is not in sync with the Podfile.lock. Run 'pod install' or update your CocoaPods installation.\" >&2\n    exit 1\nfi\n# This output is used by Xcode 'outputs' to avoid re-running this script phase.\necho \"SUCCESS\" > \"${SCRIPT_OUTPUT_FILE_0}\"\n";
			showEnvVarsInLog = 0;
		};
		24B2C5592D591F956EBE3370 /* [CP] Embed Pods Frameworks */ = {
			isa = PBXShellScriptBuildPhase;
			buildActionMask = 2147483647;
			files = (
			);
			inputFileListPaths = (
				"${PODS_ROOT}/Target Support Files/Pods-Xcode12ReactNativeSample-Xcode12ReactNativeSampleUITests/Pods-Xcode12ReactNativeSample-Xcode12ReactNativeSampleUITests-frameworks-${CONFIGURATION}-input-files.xcfilelist",
			);
			name = "[CP] Embed Pods Frameworks";
			outputFileListPaths = (
				"${PODS_ROOT}/Target Support Files/Pods-Xcode12ReactNativeSample-Xcode12ReactNativeSampleUITests/Pods-Xcode12ReactNativeSample-Xcode12ReactNativeSampleUITests-frameworks-${CONFIGURATION}-output-files.xcfilelist",
			);
			runOnlyForDeploymentPostprocessing = 0;
			shellPath = /bin/sh;
			shellScript = "\"${PODS_ROOT}/Target Support Files/Pods-Xcode12ReactNativeSample-Xcode12ReactNativeSampleUITests/Pods-Xcode12ReactNativeSample-Xcode12ReactNativeSampleUITests-frameworks.sh\"\n";
			showEnvVarsInLog = 0;
		};
		4D3F6A5577218B00B0DC677A /* [CP] Embed Pods Frameworks */ = {
			isa = PBXShellScriptBuildPhase;
			buildActionMask = 2147483647;
			files = (
			);
			inputFileListPaths = (
				"${PODS_ROOT}/Target Support Files/Pods-Xcode12ReactNativeSample/Pods-Xcode12ReactNativeSample-frameworks-${CONFIGURATION}-input-files.xcfilelist",
			);
			name = "[CP] Embed Pods Frameworks";
			outputFileListPaths = (
				"${PODS_ROOT}/Target Support Files/Pods-Xcode12ReactNativeSample/Pods-Xcode12ReactNativeSample-frameworks-${CONFIGURATION}-output-files.xcfilelist",
			);
			runOnlyForDeploymentPostprocessing = 0;
			shellPath = /bin/sh;
			shellScript = "\"${PODS_ROOT}/Target Support Files/Pods-Xcode12ReactNativeSample/Pods-Xcode12ReactNativeSample-frameworks.sh\"\n";
			showEnvVarsInLog = 0;
		};
		7F53B54CF84F2297836C38AC /* [CP] Check Pods Manifest.lock */ = {
			isa = PBXShellScriptBuildPhase;
			buildActionMask = 2147483647;
			files = (
			);
			inputFileListPaths = (
			);
			inputPaths = (
				"${PODS_PODFILE_DIR_PATH}/Podfile.lock",
				"${PODS_ROOT}/Manifest.lock",
			);
			name = "[CP] Check Pods Manifest.lock";
			outputFileListPaths = (
			);
			outputPaths = (
				"$(DERIVED_FILE_DIR)/Pods-Xcode12ReactNativeSample-Xcode12ReactNativeSampleUITests-checkManifestLockResult.txt",
			);
			runOnlyForDeploymentPostprocessing = 0;
			shellPath = /bin/sh;
			shellScript = "diff \"${PODS_PODFILE_DIR_PATH}/Podfile.lock\" \"${PODS_ROOT}/Manifest.lock\" > /dev/null\nif [ $? != 0 ] ; then\n    # print error to STDERR\n    echo \"error: The sandbox is not in sync with the Podfile.lock. Run 'pod install' or update your CocoaPods installation.\" >&2\n    exit 1\nfi\n# This output is used by Xcode 'outputs' to avoid re-running this script phase.\necho \"SUCCESS\" > \"${SCRIPT_OUTPUT_FILE_0}\"\n";
			showEnvVarsInLog = 0;
		};
		A3FE3E7C699DFF42DFB734A9 /* [CP] Check Pods Manifest.lock */ = {
			isa = PBXShellScriptBuildPhase;
			buildActionMask = 2147483647;
			files = (
			);
			inputFileListPaths = (
			);
			inputPaths = (
				"${PODS_PODFILE_DIR_PATH}/Podfile.lock",
				"${PODS_ROOT}/Manifest.lock",
			);
			name = "[CP] Check Pods Manifest.lock";
			outputFileListPaths = (
			);
			outputPaths = (
				"$(DERIVED_FILE_DIR)/Pods-Xcode12ReactNativeSample-checkManifestLockResult.txt",
			);
			runOnlyForDeploymentPostprocessing = 0;
			shellPath = /bin/sh;
			shellScript = "diff \"${PODS_PODFILE_DIR_PATH}/Podfile.lock\" \"${PODS_ROOT}/Manifest.lock\" > /dev/null\nif [ $? != 0 ] ; then\n    # print error to STDERR\n    echo \"error: The sandbox is not in sync with the Podfile.lock. Run 'pod install' or update your CocoaPods installation.\" >&2\n    exit 1\nfi\n# This output is used by Xcode 'outputs' to avoid re-running this script phase.\necho \"SUCCESS\" > \"${SCRIPT_OUTPUT_FILE_0}\"\n";
			showEnvVarsInLog = 0;
		};
/* End PBXShellScriptBuildPhase section */

/* Begin PBXSourcesBuildPhase section */
		232877AB24E46D9200F685C9 /* Sources */ = {
			isa = PBXSourcesBuildPhase;
			buildActionMask = 2147483647;
			files = (
				232877B724E46D9200F685C9 /* ViewController.swift in Sources */,
				232877B324E46D9200F685C9 /* AppDelegate.swift in Sources */,
				232877B524E46D9200F685C9 /* SceneDelegate.swift in Sources */,
			);
			runOnlyForDeploymentPostprocessing = 0;
		};
		232877C124E46D9500F685C9 /* Sources */ = {
			isa = PBXSourcesBuildPhase;
			buildActionMask = 2147483647;
			files = (
				232877CA24E46D9500F685C9 /* Xcode12ReactNativeSampleTests.swift in Sources */,
			);
			runOnlyForDeploymentPostprocessing = 0;
		};
		232877CC24E46D9500F685C9 /* Sources */ = {
			isa = PBXSourcesBuildPhase;
			buildActionMask = 2147483647;
			files = (
				232877D524E46D9500F685C9 /* Xcode12ReactNativeSampleUITests.swift in Sources */,
			);
			runOnlyForDeploymentPostprocessing = 0;
		};
/* End PBXSourcesBuildPhase section */

/* Begin PBXTargetDependency section */
		232877C724E46D9500F685C9 /* PBXTargetDependency */ = {
			isa = PBXTargetDependency;
			target = 232877AE24E46D9200F685C9 /* Xcode12ReactNativeSample */;
			targetProxy = 232877C624E46D9500F685C9 /* PBXContainerItemProxy */;
		};
		232877D224E46D9500F685C9 /* PBXTargetDependency */ = {
			isa = PBXTargetDependency;
			target = 232877AE24E46D9200F685C9 /* Xcode12ReactNativeSample */;
			targetProxy = 232877D124E46D9500F685C9 /* PBXContainerItemProxy */;
		};
/* End PBXTargetDependency section */

/* Begin PBXVariantGroup section */
		232877B824E46D9200F685C9 /* Main.storyboard */ = {
			isa = PBXVariantGroup;
			children = (
				232877B924E46D9200F685C9 /* Base */,
			);
			name = Main.storyboard;
			sourceTree = "<group>";
		};
		232877BD24E46D9400F685C9 /* LaunchScreen.storyboard */ = {
			isa = PBXVariantGroup;
			children = (
				232877BE24E46D9400F685C9 /* Base */,
			);
			name = LaunchScreen.storyboard;
			sourceTree = "<group>";
		};
/* End PBXVariantGroup section */

/* Begin XCBuildConfiguration section */
		232877D724E46D9500F685C9 /* Debug */ = {
			isa = XCBuildConfiguration;
			buildSettings = {
				ALWAYS_SEARCH_USER_PATHS = NO;
				CLANG_ANALYZER_NONNULL = YES;
				CLANG_ANALYZER_NUMBER_OBJECT_CONVERSION = YES_AGGRESSIVE;
				CLANG_CXX_LANGUAGE_STANDARD = "gnu++14";
				CLANG_CXX_LIBRARY = "libc++";
				CLANG_ENABLE_MODULES = YES;
				CLANG_ENABLE_OBJC_ARC = YES;
				CLANG_ENABLE_OBJC_WEAK = YES;
				CLANG_WARN_BLOCK_CAPTURE_AUTORELEASING = YES;
				CLANG_WARN_BOOL_CONVERSION = YES;
				CLANG_WARN_COMMA = YES;
				CLANG_WARN_CONSTANT_CONVERSION = YES;
				CLANG_WARN_DEPRECATED_OBJC_IMPLEMENTATIONS = YES;
				CLANG_WARN_DIRECT_OBJC_ISA_USAGE = YES_ERROR;
				CLANG_WARN_DOCUMENTATION_COMMENTS = YES;
				CLANG_WARN_EMPTY_BODY = YES;
				CLANG_WARN_ENUM_CONVERSION = YES;
				CLANG_WARN_INFINITE_RECURSION = YES;
				CLANG_WARN_INT_CONVERSION = YES;
				CLANG_WARN_NON_LITERAL_NULL_CONVERSION = YES;
				CLANG_WARN_OBJC_IMPLICIT_RETAIN_SELF = YES;
				CLANG_WARN_OBJC_LITERAL_CONVERSION = YES;
				CLANG_WARN_OBJC_ROOT_CLASS = YES_ERROR;
				CLANG_WARN_QUOTED_INCLUDE_IN_FRAMEWORK_HEADER = YES;
				CLANG_WARN_RANGE_LOOP_ANALYSIS = YES;
				CLANG_WARN_STRICT_PROTOTYPES = YES;
				CLANG_WARN_SUSPICIOUS_MOVE = YES;
				CLANG_WARN_UNGUARDED_AVAILABILITY = YES_AGGRESSIVE;
				CLANG_WARN_UNREACHABLE_CODE = YES;
				CLANG_WARN__DUPLICATE_METHOD_MATCH = YES;
				COPY_PHASE_STRIP = NO;
				DEBUG_INFORMATION_FORMAT = dwarf;
				ENABLE_STRICT_OBJC_MSGSEND = YES;
				ENABLE_TESTABILITY = YES;
				GCC_C_LANGUAGE_STANDARD = gnu11;
				GCC_DYNAMIC_NO_PIC = NO;
				GCC_NO_COMMON_BLOCKS = YES;
				GCC_OPTIMIZATION_LEVEL = 0;
				GCC_PREPROCESSOR_DEFINITIONS = (
					"DEBUG=1",
					"$(inherited)",
				);
				GCC_WARN_64_TO_32_BIT_CONVERSION = YES;
				GCC_WARN_ABOUT_RETURN_TYPE = YES_ERROR;
				GCC_WARN_UNDECLARED_SELECTOR = YES;
				GCC_WARN_UNINITIALIZED_AUTOS = YES_AGGRESSIVE;
				GCC_WARN_UNUSED_FUNCTION = YES;
				GCC_WARN_UNUSED_VARIABLE = YES;
				IPHONEOS_DEPLOYMENT_TARGET = 11.0;
				MTL_ENABLE_DEBUG_INFO = INCLUDE_SOURCE;
				MTL_FAST_MATH = YES;
				ONLY_ACTIVE_ARCH = YES;
				SDKROOT = iphoneos;
				SWIFT_ACTIVE_COMPILATION_CONDITIONS = DEBUG;
				SWIFT_OPTIMIZATION_LEVEL = "-Onone";
			};
			name = Debug;
		};
		232877D824E46D9500F685C9 /* Release */ = {
			isa = XCBuildConfiguration;
			buildSettings = {
				ALWAYS_SEARCH_USER_PATHS = NO;
				CLANG_ANALYZER_NONNULL = YES;
				CLANG_ANALYZER_NUMBER_OBJECT_CONVERSION = YES_AGGRESSIVE;
				CLANG_CXX_LANGUAGE_STANDARD = "gnu++14";
				CLANG_CXX_LIBRARY = "libc++";
				CLANG_ENABLE_MODULES = YES;
				CLANG_ENABLE_OBJC_ARC = YES;
				CLANG_ENABLE_OBJC_WEAK = YES;
				CLANG_WARN_BLOCK_CAPTURE_AUTORELEASING = YES;
				CLANG_WARN_BOOL_CONVERSION = YES;
				CLANG_WARN_COMMA = YES;
				CLANG_WARN_CONSTANT_CONVERSION = YES;
				CLANG_WARN_DEPRECATED_OBJC_IMPLEMENTATIONS = YES;
				CLANG_WARN_DIRECT_OBJC_ISA_USAGE = YES_ERROR;
				CLANG_WARN_DOCUMENTATION_COMMENTS = YES;
				CLANG_WARN_EMPTY_BODY = YES;
				CLANG_WARN_ENUM_CONVERSION = YES;
				CLANG_WARN_INFINITE_RECURSION = YES;
				CLANG_WARN_INT_CONVERSION = YES;
				CLANG_WARN_NON_LITERAL_NULL_CONVERSION = YES;
				CLANG_WARN_OBJC_IMPLICIT_RETAIN_SELF = YES;
				CLANG_WARN_OBJC_LITERAL_CONVERSION = YES;
				CLANG_WARN_OBJC_ROOT_CLASS = YES_ERROR;
				CLANG_WARN_QUOTED_INCLUDE_IN_FRAMEWORK_HEADER = YES;
				CLANG_WARN_RANGE_LOOP_ANALYSIS = YES;
				CLANG_WARN_STRICT_PROTOTYPES = YES;
				CLANG_WARN_SUSPICIOUS_MOVE = YES;
				CLANG_WARN_UNGUARDED_AVAILABILITY = YES_AGGRESSIVE;
				CLANG_WARN_UNREACHABLE_CODE = YES;
				CLANG_WARN__DUPLICATE_METHOD_MATCH = YES;
				COPY_PHASE_STRIP = NO;
				DEBUG_INFORMATION_FORMAT = "dwarf-with-dsym";
				ENABLE_NS_ASSERTIONS = NO;
				ENABLE_STRICT_OBJC_MSGSEND = YES;
				GCC_C_LANGUAGE_STANDARD = gnu11;
				GCC_NO_COMMON_BLOCKS = YES;
				GCC_WARN_64_TO_32_BIT_CONVERSION = YES;
				GCC_WARN_ABOUT_RETURN_TYPE = YES_ERROR;
				GCC_WARN_UNDECLARED_SELECTOR = YES;
				GCC_WARN_UNINITIALIZED_AUTOS = YES_AGGRESSIVE;
				GCC_WARN_UNUSED_FUNCTION = YES;
				GCC_WARN_UNUSED_VARIABLE = YES;
				IPHONEOS_DEPLOYMENT_TARGET = 11.0;
				MTL_ENABLE_DEBUG_INFO = NO;
				MTL_FAST_MATH = YES;
				SDKROOT = iphoneos;
				SWIFT_COMPILATION_MODE = wholemodule;
				SWIFT_OPTIMIZATION_LEVEL = "-O";
				VALIDATE_PRODUCT = YES;
			};
			name = Release;
		};
		232877DA24E46D9500F685C9 /* Debug */ = {
			isa = XCBuildConfiguration;
			baseConfigurationReference = 2FE7EA168F47583C77B9F4B0 /* Pods-Xcode12ReactNativeSample.debug.xcconfig */;
			buildSettings = {
				ASSETCATALOG_COMPILER_APPICON_NAME = AppIcon;
				ASSETCATALOG_COMPILER_GLOBAL_ACCENT_COLOR_NAME = AccentColor;
				CODE_SIGN_STYLE = Automatic;
				INFOPLIST_FILE = Xcode12ReactNativeSample/Info.plist;
				LD_RUNPATH_SEARCH_PATHS = (
					"$(inherited)",
					"@executable_path/Frameworks",
				);
				PRODUCT_BUNDLE_IDENTIFIER = com.igor.Xcode12ReactNativeSample;
				PRODUCT_NAME = "$(TARGET_NAME)";
				SWIFT_VERSION = 5.0;
				TARGETED_DEVICE_FAMILY = "1,2";
			};
			name = Debug;
		};
		232877DB24E46D9500F685C9 /* Release */ = {
			isa = XCBuildConfiguration;
			baseConfigurationReference = 30DB971D3B08FE5FAF4F0F65 /* Pods-Xcode12ReactNativeSample.release.xcconfig */;
			buildSettings = {
				ASSETCATALOG_COMPILER_APPICON_NAME = AppIcon;
				ASSETCATALOG_COMPILER_GLOBAL_ACCENT_COLOR_NAME = AccentColor;
				CODE_SIGN_STYLE = Automatic;
				INFOPLIST_FILE = Xcode12ReactNativeSample/Info.plist;
				LD_RUNPATH_SEARCH_PATHS = (
					"$(inherited)",
					"@executable_path/Frameworks",
				);
				PRODUCT_BUNDLE_IDENTIFIER = com.igor.Xcode12ReactNativeSample;
				PRODUCT_NAME = "$(TARGET_NAME)";
				SWIFT_VERSION = 5.0;
				TARGETED_DEVICE_FAMILY = "1,2";
			};
			name = Release;
		};
		232877DD24E46D9500F685C9 /* Debug */ = {
			isa = XCBuildConfiguration;
			baseConfigurationReference = 8C72E0BE2929DC312CFC886B /* Pods-Xcode12ReactNativeSampleTests.debug.xcconfig */;
			buildSettings = {
				ALWAYS_EMBED_SWIFT_STANDARD_LIBRARIES = YES;
				BUNDLE_LOADER = "$(TEST_HOST)";
				CODE_SIGN_STYLE = Automatic;
				INFOPLIST_FILE = Xcode12ReactNativeSampleTests/Info.plist;
				IPHONEOS_DEPLOYMENT_TARGET = 14.0;
				LD_RUNPATH_SEARCH_PATHS = (
					"$(inherited)",
					"@executable_path/Frameworks",
					"@loader_path/Frameworks",
				);
				PRODUCT_BUNDLE_IDENTIFIER = com.igor.Xcode12ReactNativeSampleTests;
				PRODUCT_NAME = "$(TARGET_NAME)";
				SWIFT_VERSION = 5.0;
				TARGETED_DEVICE_FAMILY = "1,2";
				TEST_HOST = "$(BUILT_PRODUCTS_DIR)/Xcode12ReactNativeSample.app/Xcode12ReactNativeSample";
			};
			name = Debug;
		};
		232877DE24E46D9500F685C9 /* Release */ = {
			isa = XCBuildConfiguration;
			baseConfigurationReference = E056443B93E61EB8FAB2832D /* Pods-Xcode12ReactNativeSampleTests.release.xcconfig */;
			buildSettings = {
				ALWAYS_EMBED_SWIFT_STANDARD_LIBRARIES = YES;
				BUNDLE_LOADER = "$(TEST_HOST)";
				CODE_SIGN_STYLE = Automatic;
				INFOPLIST_FILE = Xcode12ReactNativeSampleTests/Info.plist;
				IPHONEOS_DEPLOYMENT_TARGET = 14.0;
				LD_RUNPATH_SEARCH_PATHS = (
					"$(inherited)",
					"@executable_path/Frameworks",
					"@loader_path/Frameworks",
				);
				PRODUCT_BUNDLE_IDENTIFIER = com.igor.Xcode12ReactNativeSampleTests;
				PRODUCT_NAME = "$(TARGET_NAME)";
				SWIFT_VERSION = 5.0;
				TARGETED_DEVICE_FAMILY = "1,2";
				TEST_HOST = "$(BUILT_PRODUCTS_DIR)/Xcode12ReactNativeSample.app/Xcode12ReactNativeSample";
			};
			name = Release;
		};
		232877E024E46D9500F685C9 /* Debug */ = {
			isa = XCBuildConfiguration;
			baseConfigurationReference = 5D735B3A46033758B113B5B2 /* Pods-Xcode12ReactNativeSample-Xcode12ReactNativeSampleUITests.debug.xcconfig */;
			buildSettings = {
				CODE_SIGN_STYLE = Automatic;
				INFOPLIST_FILE = Xcode12ReactNativeSampleUITests/Info.plist;
				LD_RUNPATH_SEARCH_PATHS = (
					"$(inherited)",
					"@executable_path/Frameworks",
					"@loader_path/Frameworks",
				);
				PRODUCT_BUNDLE_IDENTIFIER = com.igor.Xcode12ReactNativeSampleUITests;
				PRODUCT_NAME = "$(TARGET_NAME)";
				SWIFT_VERSION = 5.0;
				TARGETED_DEVICE_FAMILY = "1,2";
				TEST_TARGET_NAME = Xcode12ReactNativeSample;
			};
			name = Debug;
		};
		232877E124E46D9500F685C9 /* Release */ = {
			isa = XCBuildConfiguration;
			baseConfigurationReference = 30DEF8574D13309842D5204E /* Pods-Xcode12ReactNativeSample-Xcode12ReactNativeSampleUITests.release.xcconfig */;
			buildSettings = {
				CODE_SIGN_STYLE = Automatic;
				INFOPLIST_FILE = Xcode12ReactNativeSampleUITests/Info.plist;
				LD_RUNPATH_SEARCH_PATHS = (
					"$(inherited)",
					"@executable_path/Frameworks",
					"@loader_path/Frameworks",
				);
				PRODUCT_BUNDLE_IDENTIFIER = com.igor.Xcode12ReactNativeSampleUITests;
				PRODUCT_NAME = "$(TARGET_NAME)";
				SWIFT_VERSION = 5.0;
				TARGETED_DEVICE_FAMILY = "1,2";
				TEST_TARGET_NAME = Xcode12ReactNativeSample;
			};
			name = Release;
		};
/* End XCBuildConfiguration section */

/* Begin XCConfigurationList section */
		232877AA24E46D9200F685C9 /* Build configuration list for PBXProject "Xcode12ReactNativeSample" */ = {
			isa = XCConfigurationList;
			buildConfigurations = (
				232877D724E46D9500F685C9 /* Debug */,
				232877D824E46D9500F685C9 /* Release */,
			);
			defaultConfigurationIsVisible = 0;
			defaultConfigurationName = Release;
		};
		232877D924E46D9500F685C9 /* Build configuration list for PBXNativeTarget "Xcode12ReactNativeSample" */ = {
			isa = XCConfigurationList;
			buildConfigurations = (
				232877DA24E46D9500F685C9 /* Debug */,
				232877DB24E46D9500F685C9 /* Release */,
			);
			defaultConfigurationIsVisible = 0;
			defaultConfigurationName = Release;
		};
		232877DC24E46D9500F685C9 /* Build configuration list for PBXNativeTarget "Xcode12ReactNativeSampleTests" */ = {
			isa = XCConfigurationList;
			buildConfigurations = (
				232877DD24E46D9500F685C9 /* Debug */,
				232877DE24E46D9500F685C9 /* Release */,
			);
			defaultConfigurationIsVisible = 0;
			defaultConfigurationName = Release;
		};
		232877DF24E46D9500F685C9 /* Build configuration list for PBXNativeTarget "Xcode12ReactNativeSampleUITests" */ = {
			isa = XCConfigurationList;
			buildConfigurations = (
				232877E024E46D9500F685C9 /* Debug */,
				232877E124E46D9500F685C9 /* Release */,
			);
			defaultConfigurationIsVisible = 0;
			defaultConfigurationName = Release;
		};
/* End XCConfigurationList section */
	};
	rootObject = 232877A724E46D9200F685C9 /* Project object */;
}
